
Microsoft Visual Studio Solution File, Format Version 12.00
# Visual Studio Version 16
VisualStudioVersion = 16.0.31702.278
MinimumVisualStudioVersion = 10.0.40219.1
Project("{8BC9CEB8-8B4A-11D0-8D11-00A0C91BC942}") = "code", "code.vcxproj", "{D634F712-1C6E-433A-8B94-6F6FAB4E4EF6}"
EndProject
Global
	GlobalSection(SolutionConfigurationPlatforms) = preSolution
		Debug|x64 = Debug|x64
		Debug|x86 = Debug|x86
		Release|x64 = Release|x64
		Release|x86 = Release|x86
	EndGlobalSection
	GlobalSection(ProjectConfigurationPlatforms) = postSolution
		{D634F712-1C6E-433A-8B94-6F6FAB4E4EF6}.Debug|x64.ActiveCfg = Debug|x64
		{D634F712-1C6E-433A-8B94-6F6FAB4E4EF6}.Debug|x64.Build.0 = Debug|x64
		{D634F712-1C6E-433A-8B94-6F6FAB4E4EF6}.Debug|x86.ActiveCfg = Debug|Win32
		{D634F712-1C6E-433A-8B94-6F6FAB4E4EF6}.Debug|x86.Build.0 = Debug|Win32
		{D634F712-1C6E-433A-8B94-6F6FAB4E4EF6}.Release|x64.ActiveCfg = Release|x64
		{D634F712-1C6E-433A-8B94-6F6FAB4E4EF6}.Release|x64.Build.0 = Release|x64
		{D634F712-1C6E-433A-8B94-6F6FAB4E4EF6}.Release|x86.ActiveCfg = Release|Win32
		{D634F712-1C6E-433A-8B94-6F6FAB4E4EF6}.Release|x86.Build.0 = Release|Win32
	EndGlobalSection
	GlobalSection(SolutionProperties) = preSolution
		HideSolutionNode = FALSE
	EndGlobalSection
	GlobalSection(ExtensibilityGlobals) = postSolution
		SolutionGuid = {756FF7EC-FCBF-4631-BEDF-F5B27DA30EED}
	EndGlobalSection
EndGlobal
